
Microsoft Visual Studio Solution File, Format Version 12.00
# Visual Studio Version 16
VisualStudioVersion = 16.0.29920.165
MinimumVisualStudioVersion = 10.0.40219.1
Project("{FAE04EC0-301F-11D3-BF4B-00C04F79EFBC}") = "CCTV_BlackBox GUI", "CCTV_BlackBox GUI\CCTV_BlackBox GUI.csproj", "{150C7F07-218C-4271-9527-DD197D0F3C29}"
EndProject
Global
	GlobalSection(SolutionConfigurationPlatforms) = preSolution
		Debug|Any CPU = Debug|Any CPU
		Release|Any CPU = Release|Any CPU
	EndGlobalSection
	GlobalSection(ProjectConfigurationPlatforms) = postSolution
		{150C7F07-218C-4271-9527-DD197D0F3C29}.Debug|Any CPU.ActiveCfg = Debug|Any CPU
		{150C7F07-218C-4271-9527-DD197D0F3C29}.Debug|Any CPU.Build.0 = Debug|Any CPU
		{150C7F07-218C-4271-9527-DD197D0F3C29}.Release|Any CPU.ActiveCfg = Release|Any CPU
		{150C7F07-218C-4271-9527-DD197D0F3C29}.Release|Any CPU.Build.0 = Release|Any CPU
	EndGlobalSection
	GlobalSection(SolutionProperties) = preSolution
		HideSolutionNode = FALSE
	EndGlobalSection
	GlobalSection(ExtensibilityGlobals) = postSolution
		SolutionGuid = {ED00E479-F67D-436E-AF62-14C68D7D75BE}
	EndGlobalSection
EndGlobal
